
Microsoft Visual Studio Solution File, Format Version 12.00
# Visual Studio Version 17
VisualStudioVersion = 17.14.37111.16 d17.14
MinimumVisualStudioVersion = 10.0.40219.1
Project("{FAE04EC0-301F-11D3-BF4B-00C04F79EFBC}") = "Common", "Common\Common.csproj", "{F02B761E-C00E-4072-B2A8-B3935760A4EE}"
EndProject
Project("{FAE04EC0-301F-11D3-BF4B-00C04F79EFBC}") = "Server", "Server\Server.csproj", "{05FDFFE9-98E4-413D-9A90-E4BD58D8CE01}"
EndProject
Project("{FAE04EC0-301F-11D3-BF4B-00C04F79EFBC}") = "Client", "Client\Client.csproj", "{20517D5E-093A-4E46-978F-689C42B753A6}"
EndProject
Global
	GlobalSection(SolutionConfigurationPlatforms) = preSolution
		Debug|Any CPU = Debug|Any CPU
		Release|Any CPU = Release|Any CPU
	EndGlobalSection
	GlobalSection(ProjectConfigurationPlatforms) = postSolution
		{F02B761E-C00E-4072-B2A8-B3935760A4EE}.Debug|Any CPU.ActiveCfg = Debug|Any CPU
		{F02B761E-C00E-4072-B2A8-B3935760A4EE}.Debug|Any CPU.Build.0 = Debug|Any CPU
		{F02B761E-C00E-4072-B2A8-B3935760A4EE}.Release|Any CPU.ActiveCfg = Release|Any CPU
		{F02B761E-C00E-4072-B2A8-B3935760A4EE}.Release|Any CPU.Build.0 = Release|Any CPU
		{05FDFFE9-98E4-413D-9A90-E4BD58D8CE01}.Debug|Any CPU.ActiveCfg = Debug|Any CPU
		{05FDFFE9-98E4-413D-9A90-E4BD58D8CE01}.Debug|Any CPU.Build.0 = Debug|Any CPU
		{05FDFFE9-98E4-413D-9A90-E4BD58D8CE01}.Release|Any CPU.ActiveCfg = Release|Any CPU
		{05FDFFE9-98E4-413D-9A90-E4BD58D8CE01}.Release|Any CPU.Build.0 = Release|Any CPU
		{20517D5E-093A-4E46-978F-689C42B753A6}.Debug|Any CPU.ActiveCfg = Debug|Any CPU
		{20517D5E-093A-4E46-978F-689C42B753A6}.Debug|Any CPU.Build.0 = Debug|Any CPU
		{20517D5E-093A-4E46-978F-689C42B753A6}.Release|Any CPU.ActiveCfg = Release|Any CPU
		{20517D5E-093A-4E46-978F-689C42B753A6}.Release|Any CPU.Build.0 = Release|Any CPU
	EndGlobalSection
	GlobalSection(SolutionProperties) = preSolution
		HideSolutionNode = FALSE
	EndGlobalSection
	GlobalSection(ExtensibilityGlobals) = postSolution
		SolutionGuid = {F202A391-8303-4FDA-B926-8A3042766FBE}
	EndGlobalSection
EndGlobal
